// !$*UTF8*$!
{
	archiveVersion = 1;
	classes = {
	};
	objectVersion = 55;
	objects = {

/* Begin PBXBuildFile section */
		7D81440D27A2704600660304 /* Tests_iOS.swift in Sources */ = {isa = PBXBuildFile; fileRef = 7D81440C27A2704600660304 /* Tests_iOS.swift */; };
		7D81440F27A2704600660304 /* Tests_iOSLaunchTests.swift in Sources */ = {isa = PBXBuildFile; fileRef = 7D81440E27A2704600660304 /* Tests_iOSLaunchTests.swift */; };
		7D81441927A2704600660304 /* Tests_macOS.swift in Sources */ = {isa = PBXBuildFile; fileRef = 7D81441827A2704600660304 /* Tests_macOS.swift */; };
		7D81441B27A2704600660304 /* Tests_macOSLaunchTests.swift in Sources */ = {isa = PBXBuildFile; fileRef = 7D81441A27A2704600660304 /* Tests_macOSLaunchTests.swift */; };
		7D81441C27A2704600660304 /* EzCalculatorApp.swift in Sources */ = {isa = PBXBuildFile; fileRef = 7D8143F427A2704300660304 /* EzCalculatorApp.swift */; };
		7D81441D27A2704600660304 /* EzCalculatorApp.swift in Sources */ = {isa = PBXBuildFile; fileRef = 7D8143F427A2704300660304 /* EzCalculatorApp.swift */; };
		7D81441E27A2704600660304 /* ContentView.swift in Sources */ = {isa = PBXBuildFile; fileRef = 7D8143F527A2704300660304 /* ContentView.swift */; };
		7D81441F27A2704600660304 /* ContentView.swift in Sources */ = {isa = PBXBuildFile; fileRef = 7D8143F527A2704300660304 /* ContentView.swift */; };
		7D81442027A2704600660304 /* Assets.xcassets in Resources */ = {isa = PBXBuildFile; fileRef = 7D8143F627A2704600660304 /* Assets.xcassets */; };
		7D81442127A2704600660304 /* Assets.xcassets in Resources */ = {isa = PBXBuildFile; fileRef = 7D8143F627A2704600660304 /* Assets.xcassets */; };
		7D81443327A2728B00660304 /* CalculatorButton.swift in Sources */ = {isa = PBXBuildFile; fileRef = 7D81443227A2728B00660304 /* CalculatorButton.swift */; };
		7D81443427A2728B00660304 /* CalculatorButton.swift in Sources */ = {isa = PBXBuildFile; fileRef = 7D81443227A2728B00660304 /* CalculatorButton.swift */; };
		7D81443627A2757200660304 /* CalculatorButtonItem.swift in Sources */ = {isa = PBXBuildFile; fileRef = 7D81443527A2757200660304 /* CalculatorButtonItem.swift */; };
		7D81443727A2757200660304 /* CalculatorButtonItem.swift in Sources */ = {isa = PBXBuildFile; fileRef = 7D81443527A2757200660304 /* CalculatorButtonItem.swift */; };
		7D81443927A27E6100660304 /* CalculatorModel.swift in Sources */ = {isa = PBXBuildFile; fileRef = 7D81443827A27E6100660304 /* CalculatorModel.swift */; };
		7D81443A27A27E6100660304 /* CalculatorModel.swift in Sources */ = {isa = PBXBuildFile; fileRef = 7D81443827A27E6100660304 /* CalculatorModel.swift */; };
		7D81443C27A27E9900660304 /* Calculator.swift in Sources */ = {isa = PBXBuildFile; fileRef = 7D81443B27A27E9900660304 /* Calculator.swift */; };
		7D81443D27A27E9900660304 /* Calculator.swift in Sources */ = {isa = PBXBuildFile; fileRef = 7D81443B27A27E9900660304 /* Calculator.swift */; };
		7D81443F27A27FD900660304 /* CalculatorView.swift in Sources */ = {isa = PBXBuildFile; fileRef = 7D81443E27A27FD900660304 /* CalculatorView.swift */; };
		7D81444027A27FD900660304 /* CalculatorView.swift in Sources */ = {isa = PBXBuildFile; fileRef = 7D81443E27A27FD900660304 /* CalculatorView.swift */; };
/* End PBXBuildFile section */

/* Begin PBXContainerItemProxy section */
		7D81440927A2704600660304 /* PBXContainerItemProxy */ = {
			isa = PBXContainerItemProxy;
			containerPortal = 7D8143EF27A2704200660304 /* Project object */;
			proxyType = 1;
			remoteGlobalIDString = 7D8143FA27A2704600660304;
			remoteInfo = "EzCalculator (iOS)";
		};
		7D81441527A2704600660304 /* PBXContainerItemProxy */ = {
			isa = PBXContainerItemProxy;
			containerPortal = 7D8143EF27A2704200660304 /* Project object */;
			proxyType = 1;
			remoteGlobalIDString = 7D81440027A2704600660304;
			remoteInfo = "EzCalculator (macOS)";
		};
/* End PBXContainerItemProxy section */

/* Begin PBXFileReference section */
		7D8143F427A2704300660304 /* EzCalculatorApp.swift */ = {isa = PBXFileReference; lastKnownFileType = sourcecode.swift; path = EzCalculatorApp.swift; sourceTree = "<group>"; };
		7D8143F527A2704300660304 /* ContentView.swift */ = {isa = PBXFileReference; lastKnownFileType = sourcecode.swift; path = ContentView.swift; sourceTree = "<group>"; };
		7D8143F627A2704600660304 /* Assets.xcassets */ = {isa = PBXFileReference; lastKnownFileType = folder.assetcatalog; path = Assets.xcassets; sourceTree = "<group>"; };
		7D8143FB27A2704600660304 /* EzCalculator.app */ = {isa = PBXFileReference; explicitFileType = wrapper.application; includeInIndex = 0; path = EzCalculator.app; sourceTree = BUILT_PRODUCTS_DIR; };
		7D81440127A2704600660304 /* EzCalculator.app */ = {isa = PBXFileReference; explicitFileType = wrapper.application; includeInIndex = 0; path = EzCalculator.app; sourceTree = BUILT_PRODUCTS_DIR; };
		7D81440327A2704600660304 /* macOS.entitlements */ = {isa = PBXFileReference; lastKnownFileType = text.plist.entitlements; path = macOS.entitlements; sourceTree = "<group>"; };
		7D81440827A2704600660304 /* Tests iOS.xctest */ = {isa = PBXFileReference; explicitFileType = wrapper.cfbundle; includeInIndex = 0; path = "Tests iOS.xctest"; sourceTree = BUILT_PRODUCTS_DIR; };
		7D81440C27A2704600660304 /* Tests_iOS.swift */ = {isa = PBXFileReference; lastKnownFileType = sourcecode.swift; path = Tests_iOS.swift; sourceTree = "<group>"; };
		7D81440E27A2704600660304 /* Tests_iOSLaunchTests.swift */ = {isa = PBXFileReference; lastKnownFileType = sourcecode.swift; path = Tests_iOSLaunchTests.swift; sourceTree = "<group>"; };
		7D81441427A2704600660304 /* Tests macOS.xctest */ = {isa = PBXFileReference; explicitFileType = wrapper.cfbundle; includeInIndex = 0; path = "Tests macOS.xctest"; sourceTree = BUILT_PRODUCTS_DIR; };
		7D81441827A2704600660304 /* Tests_macOS.swift */ = {isa = PBXFileReference; lastKnownFileType = sourcecode.swift; path = Tests_macOS.swift; sourceTree = "<group>"; };
		7D81441A27A2704600660304 /* Tests_macOSLaunchTests.swift */ = {isa = PBXFileReference; lastKnownFileType = sourcecode.swift; path = Tests_macOSLaunchTests.swift; sourceTree = "<group>"; };
		7D81443227A2728B00660304 /* CalculatorButton.swift */ = {isa = PBXFileReference; lastKnownFileType = sourcecode.swift; path = CalculatorButton.swift; sourceTree = "<group>"; };
		7D81443527A2757200660304 /* CalculatorButtonItem.swift */ = {isa = PBXFileReference; lastKnownFileType = sourcecode.swift; path = CalculatorButtonItem.swift; sourceTree = "<group>"; };
		7D81443827A27E6100660304 /* CalculatorModel.swift */ = {isa = PBXFileReference; lastKnownFileType = sourcecode.swift; path = CalculatorModel.swift; sourceTree = "<group>"; };
		7D81443B27A27E9900660304 /* Calculator.swift */ = {isa = PBXFileReference; lastKnownFileType = sourcecode.swift; path = Calculator.swift; sourceTree = "<group>"; };
		7D81443E27A27FD900660304 /* CalculatorView.swift */ = {isa = PBXFileReference; lastKnownFileType = sourcecode.swift; path = CalculatorView.swift; sourceTree = "<group>"; };
/* End PBXFileReference section */

/* Begin PBXFrameworksBuildPhase section */
		7D8143F827A2704600660304 /* Frameworks */ = {
			isa = PBXFrameworksBuildPhase;
			buildActionMask = 2147483647;
			files = (
			);
			runOnlyForDeploymentPostprocessing = 0;
		};
		7D8143FE27A2704600660304 /* Frameworks */ = {
			isa = PBXFrameworksBuildPhase;
			buildActionMask = 2147483647;
			files = (
			);
			runOnlyForDeploymentPostprocessing = 0;
		};
		7D81440527A2704600660304 /* Frameworks */ = {
			isa = PBXFrameworksBuildPhase;
			buildActionMask = 2147483647;
			files = (
			);
			runOnlyForDeploymentPostprocessing = 0;
		};
		7D81441127A2704600660304 /* Frameworks */ = {
			isa = PBXFrameworksBuildPhase;
			buildActionMask = 2147483647;
			files = (
			);
			runOnlyForDeploymentPostprocessing = 0;
		};
/* End PBXFrameworksBuildPhase section */

/* Begin PBXGroup section */
		7D8143EE27A2704200660304 = {
			isa = PBXGroup;
			children = (
				7D8143F327A2704300660304 /* Shared */,
				7D81440227A2704600660304 /* macOS */,
				7D81440B27A2704600660304 /* Tests iOS */,
				7D81441727A2704600660304 /* Tests macOS */,
				7D8143FC27A2704600660304 /* Products */,
			);
			sourceTree = "<group>";
		};
		7D8143F327A2704300660304 /* Shared */ = {
			isa = PBXGroup;
			children = (
				7D81443127A271ED00660304 /* Models */,
				7D81443027A271D200660304 /* Views */,
				7D8143F427A2704300660304 /* EzCalculatorApp.swift */,
				7D8143F527A2704300660304 /* ContentView.swift */,
				7D8143F627A2704600660304 /* Assets.xcassets */,
			);
			path = Shared;
			sourceTree = "<group>";
		};
		7D8143FC27A2704600660304 /* Products */ = {
			isa = PBXGroup;
			children = (
				7D8143FB27A2704600660304 /* EzCalculator.app */,
				7D81440127A2704600660304 /* EzCalculator.app */,
				7D81440827A2704600660304 /* Tests iOS.xctest */,
				7D81441427A2704600660304 /* Tests macOS.xctest */,
			);
			name = Products;
			sourceTree = "<group>";
		};
		7D81440227A2704600660304 /* macOS */ = {
			isa = PBXGroup;
			children = (
				7D81440327A2704600660304 /* macOS.entitlements */,
			);
			path = macOS;
			sourceTree = "<group>";
		};
		7D81440B27A2704600660304 /* Tests iOS */ = {
			isa = PBXGroup;
			children = (
				7D81440C27A2704600660304 /* Tests_iOS.swift */,
				7D81440E27A2704600660304 /* Tests_iOSLaunchTests.swift */,
			);
			path = "Tests iOS";
			sourceTree = "<group>";
		};
		7D81441727A2704600660304 /* Tests macOS */ = {
			isa = PBXGroup;
			children = (
				7D81441827A2704600660304 /* Tests_macOS.swift */,
				7D81441A27A2704600660304 /* Tests_macOSLaunchTests.swift */,
			);
			path = "Tests macOS";
			sourceTree = "<group>";
		};
		7D81443027A271D200660304 /* Views */ = {
			isa = PBXGroup;
			children = (
				7D81443227A2728B00660304 /* CalculatorButton.swift */,
				7D81443E27A27FD900660304 /* CalculatorView.swift */,
			);
			path = Views;
			sourceTree = "<group>";
		};
		7D81443127A271ED00660304 /* Models */ = {
			isa = PBXGroup;
			children = (
				7D81443527A2757200660304 /* CalculatorButtonItem.swift */,
				7D81443827A27E6100660304 /* CalculatorModel.swift */,
				7D81443B27A27E9900660304 /* Calculator.swift */,
			);
			path = Models;
			sourceTree = "<group>";
		};
/* End PBXGroup section */

/* Begin PBXNativeTarget section */
		7D8143FA27A2704600660304 /* EzCalculator (iOS) */ = {
			isa = PBXNativeTarget;
			buildConfigurationList = 7D81442427A2704600660304 /* Build configuration list for PBXNativeTarget "EzCalculator (iOS)" */;
			buildPhases = (
				7D8143F727A2704600660304 /* Sources */,
				7D8143F827A2704600660304 /* Frameworks */,
				7D8143F927A2704600660304 /* Resources */,
			);
			buildRules = (
			);
			dependencies = (
			);
			name = "EzCalculator (iOS)";
			productName = "EzCalculator (iOS)";
			productReference = 7D8143FB27A2704600660304 /* EzCalculator.app */;
			productType = "com.apple.product-type.application";
		};
		7D81440027A2704600660304 /* EzCalculator (macOS) */ = {
			isa = PBXNativeTarget;
			buildConfigurationList = 7D81442727A2704600660304 /* Build configuration list for PBXNativeTarget "EzCalculator (macOS)" */;
			buildPhases = (
				7D8143FD27A2704600660304 /* Sources */,
				7D8143FE27A2704600660304 /* Frameworks */,
				7D8143FF27A2704600660304 /* Resources */,
			);
			buildRules = (
			);
			dependencies = (
			);
			name = "EzCalculator (macOS)";
			productName = "EzCalculator (macOS)";
			productReference = 7D81440127A2704600660304 /* EzCalculator.app */;
			productType = "com.apple.product-type.application";
		};
		7D81440727A2704600660304 /* Tests iOS */ = {
			isa = PBXNativeTarget;
			buildConfigurationList = 7D81442A27A2704600660304 /* Build configuration list for PBXNativeTarget "Tests iOS" */;
			buildPhases = (
				7D81440427A2704600660304 /* Sources */,
				7D81440527A2704600660304 /* Frameworks */,
				7D81440627A2704600660304 /* Resources */,
			);
			buildRules = (
			);
			dependencies = (
				7D81440A27A2704600660304 /* PBXTargetDependency */,
			);
			name = "Tests iOS";
			productName = "Tests iOS";
			productReference = 7D81440827A2704600660304 /* Tests iOS.xctest */;
			productType = "com.apple.product-type.bundle.ui-testing";
		};
		7D81441327A2704600660304 /* Tests macOS */ = {
			isa = PBXNativeTarget;
			buildConfigurationList = 7D81442D27A2704600660304 /* Build configuration list for PBXNativeTarget "Tests macOS" */;
			buildPhases = (
				7D81441027A2704600660304 /* Sources */,
				7D81441127A2704600660304 /* Frameworks */,
				7D81441227A2704600660304 /* Resources */,
			);
			buildRules = (
			);
			dependencies = (
				7D81441627A2704600660304 /* PBXTargetDependency */,
			);
			name = "Tests macOS";
			productName = "Tests macOS";
			productReference = 7D81441427A2704600660304 /* Tests macOS.xctest */;
			productType = "com.apple.product-type.bundle.ui-testing";
		};
/* End PBXNativeTarget section */

/* Begin PBXProject section */
		7D8143EF27A2704200660304 /* Project object */ = {
			isa = PBXProject;
			attributes = {
				BuildIndependentTargetsInParallel = 1;
				LastSwiftUpdateCheck = 1310;
				LastUpgradeCheck = 1310;
				TargetAttributes = {
					7D8143FA27A2704600660304 = {
						CreatedOnToolsVersion = 13.1;
					};
					7D81440027A2704600660304 = {
						CreatedOnToolsVersion = 13.1;
					};
					7D81440727A2704600660304 = {
						CreatedOnToolsVersion = 13.1;
						TestTargetID = 7D8143FA27A2704600660304;
					};
					7D81441327A2704600660304 = {
						CreatedOnToolsVersion = 13.1;
						TestTargetID = 7D81440027A2704600660304;
					};
				};
			};
			buildConfigurationList = 7D8143F227A2704200660304 /* Build configuration list for PBXProject "EzCalculator" */;
			compatibilityVersion = "Xcode 13.0";
			developmentRegion = en;
			hasScannedForEncodings = 0;
			knownRegions = (
				en,
				Base,
			);
			mainGroup = 7D8143EE27A2704200660304;
			productRefGroup = 7D8143FC27A2704600660304 /* Products */;
			projectDirPath = "";
			projectRoot = "";
			targets = (
				7D8143FA27A2704600660304 /* EzCalculator (iOS) */,
				7D81440027A2704600660304 /* EzCalculator (macOS) */,
				7D81440727A2704600660304 /* Tests iOS */,
				7D81441327A2704600660304 /* Tests macOS */,
			);
		};
/* End PBXProject section */

/* Begin PBXResourcesBuildPhase section */
		7D8143F927A2704600660304 /* Resources */ = {
			isa = PBXResourcesBuildPhase;
			buildActionMask = 2147483647;
			files = (
				7D81442027A2704600660304 /* Assets.xcassets in Resources */,
			);
			runOnlyForDeploymentPostprocessing = 0;
		};
		7D8143FF27A2704600660304 /* Resources */ = {
			isa = PBXResourcesBuildPhase;
			buildActionMask = 2147483647;
			files = (
				7D81442127A2704600660304 /* Assets.xcassets in Resources */,
			);
			runOnlyForDeploymentPostprocessing = 0;
		};
		7D81440627A2704600660304 /* Resources */ = {
			isa = PBXResourcesBuildPhase;
			buildActionMask = 2147483647;
			files = (
			);
			runOnlyForDeploymentPostprocessing = 0;
		};
		7D81441227A2704600660304 /* Resources */ = {
			isa = PBXResourcesBuildPhase;
			buildActionMask = 2147483647;
			files = (
			);
			runOnlyForDeploymentPostprocessing = 0;
		};
/* End PBXResourcesBuildPhase section */

/* Begin PBXSourcesBuildPhase section */
		7D8143F727A2704600660304 /* Sources */ = {
			isa = PBXSourcesBuildPhase;
			buildActionMask = 2147483647;
			files = (
				7D81441E27A2704600660304 /* ContentView.swift in Sources */,
				7D81443F27A27FD900660304 /* CalculatorView.swift in Sources */,
				7D81443927A27E6100660304 /* CalculatorModel.swift in Sources */,
				7D81443327A2728B00660304 /* CalculatorButton.swift in Sources */,
				7D81443627A2757200660304 /* CalculatorButtonItem.swift in Sources */,
				7D81441C27A2704600660304 /* EzCalculatorApp.swift in Sources */,
				7D81443C27A27E9900660304 /* Calculator.swift in Sources */,
			);
			runOnlyForDeploymentPostprocessing = 0;
		};
		7D8143FD27A2704600660304 /* Sources */ = {
			isa = PBXSourcesBuildPhase;
			buildActionMask = 2147483647;
			files = (
				7D81441F27A2704600660304 /* ContentView.swift in Sources */,
				7D81444027A27FD900660304 /* CalculatorView.swift in Sources */,
				7D81443A27A27E6100660304 /* CalculatorModel.swift in Sources */,
				7D81443427A2728B00660304 /* CalculatorButton.swift in Sources */,
				7D81443727A2757200660304 /* CalculatorButtonItem.swift in Sources */,
				7D81441D27A2704600660304 /* EzCalculatorApp.swift in Sources */,
				7D81443D27A27E9900660304 /* Calculator.swift in Sources */,
			);
			runOnlyForDeploymentPostprocessing = 0;
		};
		7D81440427A2704600660304 /* Sources */ = {
			isa = PBXSourcesBuildPhase;
			buildActionMask = 2147483647;
			files = (
				7D81440F27A2704600660304 /* Tests_iOSLaunchTests.swift in Sources */,
				7D81440D27A2704600660304 /* Tests_iOS.swift in Sources */,
			);
			runOnlyForDeploymentPostprocessing = 0;
		};
		7D81441027A2704600660304 /* Sources */ = {
			isa = PBXSourcesBuildPhase;
			buildActionMask = 2147483647;
			files = (
				7D81441B27A2704600660304 /* Tests_macOSLaunchTests.swift in Sources */,
				7D81441927A2704600660304 /* Tests_macOS.swift in Sources */,
			);
			runOnlyForDeploymentPostprocessing = 0;
		};
/* End PBXSourcesBuildPhase section */

/* Begin PBXTargetDependency section */
		7D81440A27A2704600660304 /* PBXTargetDependency */ = {
			isa = PBXTargetDependency;
			target = 7D8143FA27A2704600660304 /* EzCalculator (iOS) */;
			targetProxy = 7D81440927A2704600660304 /* PBXContainerItemProxy */;
		};
		7D81441627A2704600660304 /* PBXTargetDependency */ = {
			isa = PBXTargetDependency;
			target = 7D81440027A2704600660304 /* EzCalculator (macOS) */;
			targetProxy = 7D81441527A2704600660304 /* PBXContainerItemProxy */;
		};
/* End PBXTargetDependency section */

/* Begin XCBuildConfiguration section */
		7D81442227A2704600660304 /* Debug */ = {
			isa = XCBuildConfiguration;
			buildSettings = {
				ALWAYS_SEARCH_USER_PATHS = NO;
				CLANG_ANALYZER_NONNULL = YES;
				CLANG_ANALYZER_NUMBER_OBJECT_CONVERSION = YES_AGGRESSIVE;
				CLANG_CXX_LANGUAGE_STANDARD = "gnu++17";
				CLANG_CXX_LIBRARY = "libc++";
				CLANG_ENABLE_MODULES = YES;
				CLANG_ENABLE_OBJC_ARC = YES;
				CLANG_ENABLE_OBJC_WEAK = YES;
				CLANG_WARN_BLOCK_CAPTURE_AUTORELEASING = YES;
				CLANG_WARN_BOOL_CONVERSION = YES;
				CLANG_WARN_COMMA = YES;
				CLANG_WARN_CONSTANT_CONVERSION = YES;
				CLANG_WARN_DEPRECATED_OBJC_IMPLEMENTATIONS = YES;
				CLANG_WARN_DIRECT_OBJC_ISA_USAGE = YES_ERROR;
				CLANG_WARN_DOCUMENTATION_COMMENTS = YES;
				CLANG_WARN_EMPTY_BODY = YES;
				CLANG_WARN_ENUM_CONVERSION = YES;
				CLANG_WARN_INFINITE_RECURSION = YES;
				CLANG_WARN_INT_CONVERSION = YES;
				CLANG_WARN_NON_LITERAL_NULL_CONVERSION = YES;
				CLANG_WARN_OBJC_IMPLICIT_RETAIN_SELF = YES;
				CLANG_WARN_OBJC_LITERAL_CONVERSION = YES;
				CLANG_WARN_OBJC_ROOT_CLASS = YES_ERROR;
				CLANG_WARN_QUOTED_INCLUDE_IN_FRAMEWORK_HEADER = YES;
				CLANG_WARN_RANGE_LOOP_ANALYSIS = YES;
				CLANG_WARN_STRICT_PROTOTYPES = YES;
				CLANG_WARN_SUSPICIOUS_MOVE = YES;
				CLANG_WARN_UNGUARDED_AVAILABILITY = YES_AGGRESSIVE;
				CLANG_WARN_UNREACHABLE_CODE = YES;
				CLANG_WARN__DUPLICATE_METHOD_MATCH = YES;
				COPY_PHASE_STRIP = NO;
				DEBUG_INFORMATION_FORMAT = dwarf;
				ENABLE_STRICT_OBJC_MSGSEND = YES;
				ENABLE_TESTABILITY = YES;
				GCC_C_LANGUAGE_STANDARD = gnu11;
				GCC_DYNAMIC_NO_PIC = NO;
				GCC_NO_COMMON_BLOCKS = YES;
				GCC_OPTIMIZATION_LEVEL = 0;
				GCC_PREPROCESSOR_DEFINITIONS = (
					"DEBUG=1",
					"$(inherited)",
				);
				GCC_WARN_64_TO_32_BIT_CONVERSION = YES;
				GCC_WARN_ABOUT_RETURN_TYPE = YES_ERROR;
				GCC_WARN_UNDECLARED_SELECTOR = YES;
				GCC_WARN_UNINITIALIZED_AUTOS = YES_AGGRESSIVE;
				GCC_WARN_UNUSED_FUNCTION = YES;
				GCC_WARN_UNUSED_VARIABLE = YES;
				MTL_ENABLE_DEBUG_INFO = INCLUDE_SOURCE;
				MTL_FAST_MATH = YES;
				ONLY_ACTIVE_ARCH = YES;
				SWIFT_ACTIVE_COMPILATION_CONDITIONS = DEBUG;
				SWIFT_OPTIMIZATION_LEVEL = "-Onone";
			};
			name = Debug;
		};
		7D81442327A2704600660304 /* Release */ = {
			isa = XCBuildConfiguration;
			buildSettings = {
				ALWAYS_SEARCH_USER_PATHS = NO;
				CLANG_ANALYZER_NONNULL = YES;
				CLANG_ANALYZER_NUMBER_OBJECT_CONVERSION = YES_AGGRESSIVE;
				CLANG_CXX_LANGUAGE_STANDARD = "gnu++17";
				CLANG_CXX_LIBRARY = "libc++";
				CLANG_ENABLE_MODULES = YES;
				CLANG_ENABLE_OBJC_ARC = YES;
				CLANG_ENABLE_OBJC_WEAK = YES;
				CLANG_WARN_BLOCK_CAPTURE_AUTORELEASING = YES;
				CLANG_WARN_BOOL_CONVERSION = YES;
				CLANG_WARN_COMMA = YES;
				CLANG_WARN_CONSTANT_CONVERSION = YES;
				CLANG_WARN_DEPRECATED_OBJC_IMPLEMENTATIONS = YES;
				CLANG_WARN_DIRECT_OBJC_ISA_USAGE = YES_ERROR;
				CLANG_WARN_DOCUMENTATION_COMMENTS = YES;
				CLANG_WARN_EMPTY_BODY = YES;
				CLANG_WARN_ENUM_CONVERSION = YES;
				CLANG_WARN_INFINITE_RECURSION = YES;
				CLANG_WARN_INT_CONVERSION = YES;
				CLANG_WARN_NON_LITERAL_NULL_CONVERSION = YES;
				CLANG_WARN_OBJC_IMPLICIT_RETAIN_SELF = YES;
				CLANG_WARN_OBJC_LITERAL_CONVERSION = YES;
				CLANG_WARN_OBJC_ROOT_CLASS = YES_ERROR;
				CLANG_WARN_QUOTED_INCLUDE_IN_FRAMEWORK_HEADER = YES;
				CLANG_WARN_RANGE_LOOP_ANALYSIS = YES;
				CLANG_WARN_STRICT_PROTOTYPES = YES;
				CLANG_WARN_SUSPICIOUS_MOVE = YES;
				CLANG_WARN_UNGUARDED_AVAILABILITY = YES_AGGRESSIVE;
				CLANG_WARN_UNREACHABLE_CODE = YES;
				CLANG_WARN__DUPLICATE_METHOD_MATCH = YES;
				COPY_PHASE_STRIP = NO;
				DEBUG_INFORMATION_FORMAT = "dwarf-with-dsym";
				ENABLE_NS_ASSERTIONS = NO;
				ENABLE_STRICT_OBJC_MSGSEND = YES;
				GCC_C_LANGUAGE_STANDARD = gnu11;
				GCC_NO_COMMON_BLOCKS = YES;
				GCC_WARN_64_TO_32_BIT_CONVERSION = YES;
				GCC_WARN_ABOUT_RETURN_TYPE = YES_ERROR;
				GCC_WARN_UNDECLARED_SELECTOR = YES;
				GCC_WARN_UNINITIALIZED_AUTOS = YES_AGGRESSIVE;
				GCC_WARN_UNUSED_FUNCTION = YES;
				GCC_WARN_UNUSED_VARIABLE = YES;
				MTL_ENABLE_DEBUG_INFO = NO;
				MTL_FAST_MATH = YES;
				SWIFT_COMPILATION_MODE = wholemodule;
				SWIFT_OPTIMIZATION_LEVEL = "-O";
			};
			name = Release;
		};
		7D81442527A2704600660304 /* Debug */ = {
			isa = XCBuildConfiguration;
			buildSettings = {
				ASSETCATALOG_COMPILER_APPICON_NAME = AppIcon;
				ASSETCATALOG_COMPILER_GLOBAL_ACCENT_COLOR_NAME = AccentColor;
				CODE_SIGN_STYLE = Automatic;
				CURRENT_PROJECT_VERSION = 1;
				DEVELOPMENT_TEAM = 5HKMC492TW;
				ENABLE_PREVIEWS = YES;
				GENERATE_INFOPLIST_FILE = YES;
				INFOPLIST_KEY_UIApplicationSceneManifest_Generation = YES;
				INFOPLIST_KEY_UIApplicationSupportsIndirectInputEvents = YES;
				INFOPLIST_KEY_UILaunchScreen_Generation = YES;
				INFOPLIST_KEY_UISupportedInterfaceOrientations = "UIInterfaceOrientationPortrait UIInterfaceOrientationPortraitUpsideDown";
				INFOPLIST_KEY_UISupportedInterfaceOrientations_iPad = "UIInterfaceOrientationPortrait UIInterfaceOrientationPortraitUpsideDown";
				INFOPLIST_KEY_UISupportedInterfaceOrientations_iPhone = "UIInterfaceOrientationPortrait UIInterfaceOrientationLandscapeLeft UIInterfaceOrientationLandscapeRight";
				IPHONEOS_DEPLOYMENT_TARGET = 15.0;
				LD_RUNPATH_SEARCH_PATHS = (
					"$(inherited)",
					"@executable_path/Frameworks",
				);
				MARKETING_VERSION = 1.0;
				PRODUCT_BUNDLE_IDENTIFIER = app.noot.calculator.EzCalculator;
				PRODUCT_NAME = EzCalculator;
				SDKROOT = iphoneos;
				SWIFT_EMIT_LOC_STRINGS = YES;
				SWIFT_VERSION = 5.0;
				TARGETED_DEVICE_FAMILY = 2;
			};
			name = Debug;
		};
		7D81442627A2704600660304 /* Release */ = {
			isa = XCBuildConfiguration;
			buildSettings = {
				ASSETCATALOG_COMPILER_APPICON_NAME = AppIcon;
				ASSETCATALOG_COMPILER_GLOBAL_ACCENT_COLOR_NAME = AccentColor;
				CODE_SIGN_STYLE = Automatic;
				CURRENT_PROJECT_VERSION = 1;
				DEVELOPMENT_TEAM = 5HKMC492TW;
				ENABLE_PREVIEWS = YES;
				GENERATE_INFOPLIST_FILE = YES;
				INFOPLIST_KEY_UIApplicationSceneManifest_Generation = YES;
				INFOPLIST_KEY_UIApplicationSupportsIndirectInputEvents = YES;
				INFOPLIST_KEY_UILaunchScreen_Generation = YES;
				INFOPLIST_KEY_UISupportedInterfaceOrientations = "UIInterfaceOrientationPortrait UIInterfaceOrientationPortraitUpsideDown";
				INFOPLIST_KEY_UISupportedInterfaceOrientations_iPad = "UIInterfaceOrientationPortrait UIInterfaceOrientationPortraitUpsideDown";
				INFOPLIST_KEY_UISupportedInterfaceOrientations_iPhone = "UIInterfaceOrientationPortrait UIInterfaceOrientationLandscapeLeft UIInterfaceOrientationLandscapeRight";
				IPHONEOS_DEPLOYMENT_TARGET = 15.0;
				LD_RUNPATH_SEARCH_PATHS = (
					"$(inherited)",
					"@executable_path/Frameworks",
				);
				MARKETING_VERSION = 1.0;
				PRODUCT_BUNDLE_IDENTIFIER = app.noot.calculator.EzCalculator;
				PRODUCT_NAME = EzCalculator;
				SDKROOT = iphoneos;
				SWIFT_EMIT_LOC_STRINGS = YES;
				SWIFT_VERSION = 5.0;
				TARGETED_DEVICE_FAMILY = 2;
				VALIDATE_PRODUCT = YES;
			};
			name = Release;
		};
		7D81442827A2704600660304 /* Debug */ = {
			isa = XCBuildConfiguration;
			buildSettings = {
				ASSETCATALOG_COMPILER_APPICON_NAME = AppIcon;
				ASSETCATALOG_COMPILER_GLOBAL_ACCENT_COLOR_NAME = AccentColor;
				CODE_SIGN_ENTITLEMENTS = macOS/macOS.entitlements;
				CODE_SIGN_STYLE = Automatic;
				COMBINE_HIDPI_IMAGES = YES;
				CURRENT_PROJECT_VERSION = 1;
				DEVELOPMENT_TEAM = 5HKMC492TW;
				ENABLE_HARDENED_RUNTIME = YES;
				ENABLE_PREVIEWS = YES;
				GENERATE_INFOPLIST_FILE = YES;
				INFOPLIST_KEY_NSHumanReadableCopyright = "";
				LD_RUNPATH_SEARCH_PATHS = (
					"$(inherited)",
					"@executable_path/../Frameworks",
				);
				MACOSX_DEPLOYMENT_TARGET = 12.0;
				MARKETING_VERSION = 1.0;
				PRODUCT_BUNDLE_IDENTIFIER = app.noot.calculator.EzCalculator;
				PRODUCT_NAME = EzCalculator;
				SDKROOT = macosx;
				SWIFT_EMIT_LOC_STRINGS = YES;
				SWIFT_VERSION = 5.0;
			};
			name = Debug;
		};
		7D81442927A2704600660304 /* Release */ = {
			isa = XCBuildConfiguration;
			buildSettings = {
				ASSETCATALOG_COMPILER_APPICON_NAME = AppIcon;
				ASSETCATALOG_COMPILER_GLOBAL_ACCENT_COLOR_NAME = AccentColor;
				CODE_SIGN_ENTITLEMENTS = macOS/macOS.entitlements;
				CODE_SIGN_STYLE = Automatic;
				COMBINE_HIDPI_IMAGES = YES;
				CURRENT_PROJECT_VERSION = 1;
				DEVELOPMENT_TEAM = 5HKMC492TW;
				ENABLE_HARDENED_RUNTIME = YES;
				ENABLE_PREVIEWS = YES;
				GENERATE_INFOPLIST_FILE = YES;
				INFOPLIST_KEY_NSHumanReadableCopyright = "";
				LD_RUNPATH_SEARCH_PATHS = (
					"$(inherited)",
					"@executable_path/../Frameworks",
				);
				MACOSX_DEPLOYMENT_TARGET = 12.0;
				MARKETING_VERSION = 1.0;
				PRODUCT_BUNDLE_IDENTIFIER = app.noot.calculator.EzCalculator;
				PRODUCT_NAME = EzCalculator;
				SDKROOT = macosx;
				SWIFT_EMIT_LOC_STRINGS = YES;
				SWIFT_VERSION = 5.0;
			};
			name = Release;
		};
		7D81442B27A2704600660304 /* Debug */ = {
			isa = XCBuildConfiguration;
			buildSettings = {
				ALWAYS_EMBED_SWIFT_STANDARD_LIBRARIES = YES;
				CODE_SIGN_STYLE = Automatic;
				CURRENT_PROJECT_VERSION = 1;
				DEVELOPMENT_TEAM = 5HKMC492TW;
				GENERATE_INFOPLIST_FILE = YES;
				IPHONEOS_DEPLOYMENT_TARGET = 15.0;
				LD_RUNPATH_SEARCH_PATHS = (
					"$(inherited)",
					"@executable_path/Frameworks",
					"@loader_path/Frameworks",
				);
				MARKETING_VERSION = 1.0;
				PRODUCT_BUNDLE_IDENTIFIER = "app.noot.calculator.Tests-iOS";
				PRODUCT_NAME = "$(TARGET_NAME)";
				SDKROOT = iphoneos;
				SWIFT_EMIT_LOC_STRINGS = NO;
				SWIFT_VERSION = 5.0;
				TARGETED_DEVICE_FAMILY = "1,2";
				TEST_TARGET_NAME = "EzCalculator (iOS)";
			};
			name = Debug;
		};
		7D81442C27A2704600660304 /* Release */ = {
			isa = XCBuildConfiguration;
			buildSettings = {
				ALWAYS_EMBED_SWIFT_STANDARD_LIBRARIES = YES;
				CODE_SIGN_STYLE = Automatic;
				CURRENT_PROJECT_VERSION = 1;
				DEVELOPMENT_TEAM = 5HKMC492TW;
				GENERATE_INFOPLIST_FILE = YES;
				IPHONEOS_DEPLOYMENT_TARGET = 15.0;
				LD_RUNPATH_SEARCH_PATHS = (
					"$(inherited)",
					"@executable_path/Frameworks",
					"@loader_path/Frameworks",
				);
				MARKETING_VERSION = 1.0;
				PRODUCT_BUNDLE_IDENTIFIER = "app.noot.calculator.Tests-iOS";
				PRODUCT_NAME = "$(TARGET_NAME)";
				SDKROOT = iphoneos;
				SWIFT_EMIT_LOC_STRINGS = NO;
				SWIFT_VERSION = 5.0;
				TARGETED_DEVICE_FAMILY = "1,2";
				TEST_TARGET_NAME = "EzCalculator (iOS)";
				VALIDATE_PRODUCT = YES;
			};
			name = Release;
		};
		7D81442E27A2704600660304 /* Debug */ = {
			isa = XCBuildConfiguration;
			buildSettings = {
				ALWAYS_EMBED_SWIFT_STANDARD_LIBRARIES = YES;
				CODE_SIGN_STYLE = Automatic;
				COMBINE_HIDPI_IMAGES = YES;
				CURRENT_PROJECT_VERSION = 1;
				DEVELOPMENT_TEAM = 5HKMC492TW;
				GENERATE_INFOPLIST_FILE = YES;
				LD_RUNPATH_SEARCH_PATHS = (
					"$(inherited)",
					"@executable_path/../Frameworks",
					"@loader_path/../Frameworks",
				);
				MACOSX_DEPLOYMENT_TARGET = 12.0;
				MARKETING_VERSION = 1.0;
				PRODUCT_BUNDLE_IDENTIFIER = "app.noot.calculator.Tests-macOS";
				PRODUCT_NAME = "$(TARGET_NAME)";
				SDKROOT = macosx;
				SWIFT_EMIT_LOC_STRINGS = NO;
				SWIFT_VERSION = 5.0;
				TEST_TARGET_NAME = "EzCalculator (macOS)";
			};
			name = Debug;
		};
		7D81442F27A2704600660304 /* Release */ = {
			isa = XCBuildConfiguration;
			buildSettings = {
				ALWAYS_EMBED_SWIFT_STANDARD_LIBRARIES = YES;
				CODE_SIGN_STYLE = Automatic;
				COMBINE_HIDPI_IMAGES = YES;
				CURRENT_PROJECT_VERSION = 1;
				DEVELOPMENT_TEAM = 5HKMC492TW;
				GENERATE_INFOPLIST_FILE = YES;
				LD_RUNPATH_SEARCH_PATHS = (
					"$(inherited)",
					"@executable_path/../Frameworks",
					"@loader_path/../Frameworks",
				);
				MACOSX_DEPLOYMENT_TARGET = 12.0;
				MARKETING_VERSION = 1.0;
				PRODUCT_BUNDLE_IDENTIFIER = "app.noot.calculator.Tests-macOS";
				PRODUCT_NAME = "$(TARGET_NAME)";
				SDKROOT = macosx;
				SWIFT_EMIT_LOC_STRINGS = NO;
				SWIFT_VERSION = 5.0;
				TEST_TARGET_NAME = "EzCalculator (macOS)";
			};
			name = Release;
		};
/* End XCBuildConfiguration section */

/* Begin XCConfigurationList section */
		7D8143F227A2704200660304 /* Build configuration list for PBXProject "EzCalculator" */ = {
			isa = XCConfigurationList;
			buildConfigurations = (
				7D81442227A2704600660304 /* Debug */,
				7D81442327A2704600660304 /* Release */,
			);
			defaultConfigurationIsVisible = 0;
			defaultConfigurationName = Release;
		};
		7D81442427A2704600660304 /* Build configuration list for PBXNativeTarget "EzCalculator (iOS)" */ = {
			isa = XCConfigurationList;
			buildConfigurations = (
				7D81442527A2704600660304 /* Debug */,
				7D81442627A2704600660304 /* Release */,
			);
			defaultConfigurationIsVisible = 0;
			defaultConfigurationName = Release;
		};
		7D81442727A2704600660304 /* Build configuration list for PBXNativeTarget "EzCalculator (macOS)" */ = {
			isa = XCConfigurationList;
			buildConfigurations = (
				7D81442827A2704600660304 /* Debug */,
				7D81442927A2704600660304 /* Release */,
			);
			defaultConfigurationIsVisible = 0;
			defaultConfigurationName = Release;
		};
		7D81442A27A2704600660304 /* Build configuration list for PBXNativeTarget "Tests iOS" */ = {
			isa = XCConfigurationList;
			buildConfigurations = (
				7D81442B27A2704600660304 /* Debug */,
				7D81442C27A2704600660304 /* Release */,
			);
			defaultConfigurationIsVisible = 0;
			defaultConfigurationName = Release;
		};
		7D81442D27A2704600660304 /* Build configuration list for PBXNativeTarget "Tests macOS" */ = {
			isa = XCConfigurationList;
			buildConfigurations = (
				7D81442E27A2704600660304 /* Debug */,
				7D81442F27A2704600660304 /* Release */,
			);
			defaultConfigurationIsVisible = 0;
			defaultConfigurationName = Release;
		};
/* End XCConfigurationList section */
	};
	rootObject = 7D8143EF27A2704200660304 /* Project object */;
}
